{
  "nodes": {
    "flake-utils": {
      "locked": {
        "lastModified": 1678901627,
        "narHash": "sha256-U02riOqrKKzwjsxc/400XnElV+UtPUQWpANPlyazjH0=",
        "owner": "numtide",
        "repo": "flake-utils",
        "rev": "93a2b84fc4b70d9e089d029deacc3583435c2ed6",
        "type": "github"
      },
      "original": {
        "owner": "numtide",
        "repo": "flake-utils",
        "type": "github"
      }
    },
    "home-manager": {
      "inputs": {
        "nixpkgs": [
          "nixpkgs"
        ]
      },
      "locked": {
        "lastModified": 1667907331,
        "narHash": "sha256-bHkAwkYlBjkupPUFcQjimNS8gxWSWjOTevEuwdnp5m0=",
        "owner": "nix-community",
        "repo": "home-manager",
        "rev": "6639e3a837fc5deb6f99554072789724997bc8e5",
        "type": "github"
      },
      "original": {
        "owner": "nix-community",
        "ref": "release-22.05",
        "repo": "home-manager",
        "type": "github"
      }
    },
    "nixos-hardware": {
      "locked": {
        "lastModified": 1679765008,
        "narHash": "sha256-VCkg/wC2e882suYDS5PDAemaMLYSOdFm4fsx2gowMR0=",
        "owner": "NixOS",
        "repo": "nixos-hardware",
        "rev": "f38f9a4c9b2b6f89a5778465e0afd166a8300680",
        "type": "github"
      },
      "original": {
        "owner": "NixOS",
        "ref": "master",
        "repo": "nixos-hardware",
        "type": "github"
      }
    },
    "nixpkgs": {
      "locked": {
        "lastModified": 1679710833,
        "narHash": "sha256-9yKVvGX1oAnlc8vTVvN2lRH35q6ETudQbM1w9ragMRU=",
        "owner": "nixos",
        "repo": "nixpkgs",
        "rev": "83607dae4e05e1de755bbc7d7949b33fc1cfbbb9",
        "type": "github"
      },
      "original": {
        "owner": "nixos",
        "ref": "nixos-22.11",
        "repo": "nixpkgs",
        "type": "github"
      }
    },
    "nixpkgs-unstable": {
      "locked": {
        "lastModified": 1679841458,
        "narHash": "sha256-Sj5e1q7coU+FWhITCRqts9PSAXLEjJUsw8o75rAndMQ=",
        "owner": "nixos",
        "repo": "nixpkgs",
        "rev": "4111a96ea706035ec4486d370d7892b72d3f13bf",
        "type": "github"
      },
      "original": {
        "owner": "nixos",
        "repo": "nixpkgs",
        "type": "github"
      }
    },
    "root": {
      "inputs": {
        "flake-utils": "flake-utils",
        "home-manager": "home-manager",
        "nixos-hardware": "nixos-hardware",
        "nixpkgs": "nixpkgs",
        "nixpkgs-unstable": "nixpkgs-unstable"
      }
    }
  },
  "root": "root",
  "version": 7
}
